<?xml version="1.0" encoding="utf-8"?>
<Project ToolsVersion="4.0" xmlns="http://schemas.microsoft.com/developer/msbuild/2003">
  <ItemGroup>
    <Filter Include="include">
      <UniqueIdentifier>{041f8ea2-0ede-49cf-9dc4-1de51e5cf387}</UniqueIdentifier>
    </Filter>
    <Filter Include="shaders">
      <UniqueIdentifier>{cf4eb9fd-9600-4927-b1ac-cdc1e8ee4e4b}</UniqueIdentifier>
    </Filter>
    <Filter Include="src">
      <UniqueIdentifier>{0418c055-c61f-49ec-8aaa-247400e91e79}</UniqueIdentifier>
    </Filter>
    <Filter Include="third_party">
      <UniqueIdentifier>{ec405354-8eea-40ba-a3e1-39054dc644cd}</UniqueIdentifier>
    </Filter>
  </ItemGroup>
  <ItemGroup>
    <ClCompile Include="third_party\glad\src\glad.c">
      <Filter>third_party</Filter>
    </ClCompile>
    <ClCompile Include="src\main.cpp">
      <Filter>src</Filter>
    </ClCompile>
  </ItemGroup>
  <ItemGroup>
    <ClInclude Include="include\utils.hpp">
      <Filter>include</Filter>
    </ClInclude>
  </ItemGroup>
  <ItemGroup>
    <None Include="shaders\triangle-fs.glsl">
      <Filter>shaders</Filter>
    </None>
    <None Include="shaders\triangle-vs.glsl">
      <Filter>shaders</Filter>
    </None>
  </ItemGroup>
</Project>